
Microsoft Visual Studio Solution File, Format Version 12.00
# Visual Studio Version 16
VisualStudioVersion = 16.0.32602.291
MinimumVisualStudioVersion = 10.0.40219.1
Project("{2150E333-8FDC-42A3-9474-1A3956D46DE8}") = "BackEnd", "BackEnd", "{5009B7AA-6073-4803-A38D-7942635BD319}"
EndProject
Project("{FAE04EC0-301F-11D3-BF4B-00C04F79EFBC}") = "API.Cotizador.Net", "API.Cotizador.Net\API.Cotizador.Net.csproj", "{DF82307D-2B15-4BFB-87E7-6E9531AA0A3A}"
EndProject
Project("{FAE04EC0-301F-11D3-BF4B-00C04F79EFBC}") = "Cotizador.Repositorio", "Cotizador.Implementacion\Cotizador.Repositorio.csproj", "{75D79B13-49F4-472B-8E18-69BFDC3FEF50}"
EndProject
Project("{FAE04EC0-301F-11D3-BF4B-00C04F79EFBC}") = "Cotizador.Modelos", "Cotizador.Modelos\Cotizador.Modelos.csproj", "{C3117FA9-3107-4D70-83A0-F8AC7BAD47BC}"
EndProject
Project("{FAE04EC0-301F-11D3-BF4B-00C04F79EFBC}") = "Cotizador.Entidades", "Cotizador.Entidades\Cotizador.Entidades.csproj", "{FA0BA174-CF53-4D4E-9228-739B642F3D6D}"
EndProject
Project("{FAE04EC0-301F-11D3-BF4B-00C04F79EFBC}") = "Cotizador.Datos", "Cotizador.Datos\Cotizador.Datos.csproj", "{250A7739-C601-42DC-B21C-F365A3509651}"
EndProject
Project("{FAE04EC0-301F-11D3-BF4B-00C04F79EFBC}") = "Cotizador.Herramientas", "Cotizador.Herramientas\Cotizador.Herramientas.csproj", "{D4367FD2-1E00-4C38-AFEB-F1E9E0F61497}"
EndProject
Project("{FAE04EC0-301F-11D3-BF4B-00C04F79EFBC}") = "Cotizador.Negocio", "Cotizador.Negocio\Cotizador.Negocio.csproj", "{6830DA8D-20F8-4CBE-AE2F-9034A9C08ABF}"
EndProject
Global
	GlobalSection(SolutionConfigurationPlatforms) = preSolution
		Debug|Any CPU = Debug|Any CPU
		Release|Any CPU = Release|Any CPU
	EndGlobalSection
	GlobalSection(ProjectConfigurationPlatforms) = postSolution
		{DF82307D-2B15-4BFB-87E7-6E9531AA0A3A}.Debug|Any CPU.ActiveCfg = Debug|Any CPU
		{DF82307D-2B15-4BFB-87E7-6E9531AA0A3A}.Debug|Any CPU.Build.0 = Debug|Any CPU
		{DF82307D-2B15-4BFB-87E7-6E9531AA0A3A}.Release|Any CPU.ActiveCfg = Release|Any CPU
		{DF82307D-2B15-4BFB-87E7-6E9531AA0A3A}.Release|Any CPU.Build.0 = Release|Any CPU
		{75D79B13-49F4-472B-8E18-69BFDC3FEF50}.Debug|Any CPU.ActiveCfg = Debug|Any CPU
		{75D79B13-49F4-472B-8E18-69BFDC3FEF50}.Debug|Any CPU.Build.0 = Debug|Any CPU
		{75D79B13-49F4-472B-8E18-69BFDC3FEF50}.Release|Any CPU.ActiveCfg = Release|Any CPU
		{75D79B13-49F4-472B-8E18-69BFDC3FEF50}.Release|Any CPU.Build.0 = Release|Any CPU
		{C3117FA9-3107-4D70-83A0-F8AC7BAD47BC}.Debug|Any CPU.ActiveCfg = Debug|Any CPU
		{C3117FA9-3107-4D70-83A0-F8AC7BAD47BC}.Debug|Any CPU.Build.0 = Debug|Any CPU
		{C3117FA9-3107-4D70-83A0-F8AC7BAD47BC}.Release|Any CPU.ActiveCfg = Release|Any CPU
		{C3117FA9-3107-4D70-83A0-F8AC7BAD47BC}.Release|Any CPU.Build.0 = Release|Any CPU
		{FA0BA174-CF53-4D4E-9228-739B642F3D6D}.Debug|Any CPU.ActiveCfg = Debug|Any CPU
		{FA0BA174-CF53-4D4E-9228-739B642F3D6D}.Debug|Any CPU.Build.0 = Debug|Any CPU
		{FA0BA174-CF53-4D4E-9228-739B642F3D6D}.Release|Any CPU.ActiveCfg = Release|Any CPU
		{FA0BA174-CF53-4D4E-9228-739B642F3D6D}.Release|Any CPU.Build.0 = Release|Any CPU
		{250A7739-C601-42DC-B21C-F365A3509651}.Debug|Any CPU.ActiveCfg = Debug|Any CPU
		{250A7739-C601-42DC-B21C-F365A3509651}.Debug|Any CPU.Build.0 = Debug|Any CPU
		{250A7739-C601-42DC-B21C-F365A3509651}.Release|Any CPU.ActiveCfg = Release|Any CPU
		{250A7739-C601-42DC-B21C-F365A3509651}.Release|Any CPU.Build.0 = Release|Any CPU
		{D4367FD2-1E00-4C38-AFEB-F1E9E0F61497}.Debug|Any CPU.ActiveCfg = Debug|Any CPU
		{D4367FD2-1E00-4C38-AFEB-F1E9E0F61497}.Debug|Any CPU.Build.0 = Debug|Any CPU
		{D4367FD2-1E00-4C38-AFEB-F1E9E0F61497}.Release|Any CPU.ActiveCfg = Release|Any CPU
		{D4367FD2-1E00-4C38-AFEB-F1E9E0F61497}.Release|Any CPU.Build.0 = Release|Any CPU
		{6830DA8D-20F8-4CBE-AE2F-9034A9C08ABF}.Debug|Any CPU.ActiveCfg = Debug|Any CPU
		{6830DA8D-20F8-4CBE-AE2F-9034A9C08ABF}.Debug|Any CPU.Build.0 = Debug|Any CPU
		{6830DA8D-20F8-4CBE-AE2F-9034A9C08ABF}.Release|Any CPU.ActiveCfg = Release|Any CPU
		{6830DA8D-20F8-4CBE-AE2F-9034A9C08ABF}.Release|Any CPU.Build.0 = Release|Any CPU
	EndGlobalSection
	GlobalSection(SolutionProperties) = preSolution
		HideSolutionNode = FALSE
	EndGlobalSection
	GlobalSection(NestedProjects) = preSolution
		{DF82307D-2B15-4BFB-87E7-6E9531AA0A3A} = {5009B7AA-6073-4803-A38D-7942635BD319}
		{75D79B13-49F4-472B-8E18-69BFDC3FEF50} = {5009B7AA-6073-4803-A38D-7942635BD319}
		{C3117FA9-3107-4D70-83A0-F8AC7BAD47BC} = {5009B7AA-6073-4803-A38D-7942635BD319}
		{FA0BA174-CF53-4D4E-9228-739B642F3D6D} = {5009B7AA-6073-4803-A38D-7942635BD319}
		{250A7739-C601-42DC-B21C-F365A3509651} = {5009B7AA-6073-4803-A38D-7942635BD319}
		{D4367FD2-1E00-4C38-AFEB-F1E9E0F61497} = {5009B7AA-6073-4803-A38D-7942635BD319}
		{6830DA8D-20F8-4CBE-AE2F-9034A9C08ABF} = {5009B7AA-6073-4803-A38D-7942635BD319}
	EndGlobalSection
	GlobalSection(ExtensibilityGlobals) = postSolution
		SolutionGuid = {B6F44133-2EC7-42A9-BC78-249E0F5A2529}
	EndGlobalSection
EndGlobal
